
Microsoft Visual Studio Solution File, Format Version 12.00
# Visual Studio Version 16
VisualStudioVersion = 16.0.30717.126
MinimumVisualStudioVersion = 10.0.40219.1
Project("{9A19103F-16F7-4668-BE54-9A1E7A4F7556}") = "API", "API\API.csproj", "{9976FA0D-D48A-43C4-906B-D8C548C40F7F}"
EndProject
Project("{9A19103F-16F7-4668-BE54-9A1E7A4F7556}") = "Client", "Client\Client.csproj", "{A7DA7BBE-E47A-4373-BFCA-791EC11D4A96}"
EndProject
Project("{9A19103F-16F7-4668-BE54-9A1E7A4F7556}") = "Domain", "Domain\Domain.csproj", "{8AC4B14F-B4F3-42CA-BFE8-72D33DC83BDE}"
EndProject
Project("{9A19103F-16F7-4668-BE54-9A1E7A4F7556}") = "Application", "Application\Application.csproj", "{E7208438-7F70-4537-8AE9-8DD5B8DB4F51}"
EndProject
Project("{9A19103F-16F7-4668-BE54-9A1E7A4F7556}") = "Persistence", "Persistence\Persistence.csproj", "{0ABB9DAD-B05A-4C10-A509-022191F92FFB}"
EndProject
Project("{9A19103F-16F7-4668-BE54-9A1E7A4F7556}") = "Infrastructure", "Infrastructure\Infrastructure.csproj", "{233BF46C-38BA-475D-B825-DB714F826D97}"
EndProject
Project("{9A19103F-16F7-4668-BE54-9A1E7A4F7556}") = "SharedObjects", "SharedObjects\SharedObjects.csproj", "{580A3863-AD27-43DE-8803-2D1D7860ECA7}"
EndProject
Global
	GlobalSection(SolutionConfigurationPlatforms) = preSolution
		Debug|Any CPU = Debug|Any CPU
		Release|Any CPU = Release|Any CPU
	EndGlobalSection
	GlobalSection(ProjectConfigurationPlatforms) = postSolution
		{9976FA0D-D48A-43C4-906B-D8C548C40F7F}.Debug|Any CPU.ActiveCfg = Debug|Any CPU
		{9976FA0D-D48A-43C4-906B-D8C548C40F7F}.Debug|Any CPU.Build.0 = Debug|Any CPU
		{9976FA0D-D48A-43C4-906B-D8C548C40F7F}.Release|Any CPU.ActiveCfg = Release|Any CPU
		{9976FA0D-D48A-43C4-906B-D8C548C40F7F}.Release|Any CPU.Build.0 = Release|Any CPU
		{A7DA7BBE-E47A-4373-BFCA-791EC11D4A96}.Debug|Any CPU.ActiveCfg = Debug|Any CPU
		{A7DA7BBE-E47A-4373-BFCA-791EC11D4A96}.Debug|Any CPU.Build.0 = Debug|Any CPU
		{A7DA7BBE-E47A-4373-BFCA-791EC11D4A96}.Release|Any CPU.ActiveCfg = Release|Any CPU
		{A7DA7BBE-E47A-4373-BFCA-791EC11D4A96}.Release|Any CPU.Build.0 = Release|Any CPU
		{8AC4B14F-B4F3-42CA-BFE8-72D33DC83BDE}.Debug|Any CPU.ActiveCfg = Debug|Any CPU
		{8AC4B14F-B4F3-42CA-BFE8-72D33DC83BDE}.Debug|Any CPU.Build.0 = Debug|Any CPU
		{8AC4B14F-B4F3-42CA-BFE8-72D33DC83BDE}.Release|Any CPU.ActiveCfg = Release|Any CPU
		{8AC4B14F-B4F3-42CA-BFE8-72D33DC83BDE}.Release|Any CPU.Build.0 = Release|Any CPU
		{E7208438-7F70-4537-8AE9-8DD5B8DB4F51}.Debug|Any CPU.ActiveCfg = Debug|Any CPU
		{E7208438-7F70-4537-8AE9-8DD5B8DB4F51}.Debug|Any CPU.Build.0 = Debug|Any CPU
		{E7208438-7F70-4537-8AE9-8DD5B8DB4F51}.Release|Any CPU.ActiveCfg = Release|Any CPU
		{E7208438-7F70-4537-8AE9-8DD5B8DB4F51}.Release|Any CPU.Build.0 = Release|Any CPU
		{0ABB9DAD-B05A-4C10-A509-022191F92FFB}.Debug|Any CPU.ActiveCfg = Debug|Any CPU
		{0ABB9DAD-B05A-4C10-A509-022191F92FFB}.Debug|Any CPU.Build.0 = Debug|Any CPU
		{0ABB9DAD-B05A-4C10-A509-022191F92FFB}.Release|Any CPU.ActiveCfg = Release|Any CPU
		{0ABB9DAD-B05A-4C10-A509-022191F92FFB}.Release|Any CPU.Build.0 = Release|Any CPU
		{233BF46C-38BA-475D-B825-DB714F826D97}.Debug|Any CPU.ActiveCfg = Debug|Any CPU
		{233BF46C-38BA-475D-B825-DB714F826D97}.Debug|Any CPU.Build.0 = Debug|Any CPU
		{233BF46C-38BA-475D-B825-DB714F826D97}.Release|Any CPU.ActiveCfg = Release|Any CPU
		{233BF46C-38BA-475D-B825-DB714F826D97}.Release|Any CPU.Build.0 = Release|Any CPU
		{580A3863-AD27-43DE-8803-2D1D7860ECA7}.Debug|Any CPU.ActiveCfg = Debug|Any CPU
		{580A3863-AD27-43DE-8803-2D1D7860ECA7}.Debug|Any CPU.Build.0 = Debug|Any CPU
		{580A3863-AD27-43DE-8803-2D1D7860ECA7}.Release|Any CPU.ActiveCfg = Release|Any CPU
		{580A3863-AD27-43DE-8803-2D1D7860ECA7}.Release|Any CPU.Build.0 = Release|Any CPU
	EndGlobalSection
	GlobalSection(SolutionProperties) = preSolution
		HideSolutionNode = FALSE
	EndGlobalSection
	GlobalSection(ExtensibilityGlobals) = postSolution
		SolutionGuid = {BF4D5D1D-B2F8-4624-8DF0-FD337EAA3179}
	EndGlobalSection
EndGlobal
